
Microsoft Visual Studio Solution File, Format Version 12.00
# Visual Studio Version 17
VisualStudioVersion = 17.3.32922.545
MinimumVisualStudioVersion = 10.0.40219.1
Project("{9A19103F-16F7-4668-BE54-9A1E7A4F7556}") = "Agent", "Agent\Agent.csproj", "{98A8DF30-0993-4B49-822E-244A70AB8C4D}"
EndProject
Project("{2150E333-8FDC-42A3-9474-1A3956D46DE8}") = "Utilities", "Utilities", "{2CAC9A2B-1402-465F-83F8-958B4E081CA3}"
	ProjectSection(SolutionItems) = preProject
		Utilities\Add-Migration.ps1 = Utilities\Add-Migration.ps1
		Utilities\Example_Apache_Config.txt = Utilities\Example_Apache_Config.txt
		Utilities\Example_Nginx_Config.txt = Utilities\Example_Nginx_Config.txt
		Utilities\Get-PSCommands.ps1 = Utilities\Get-PSCommands.ps1
		Utilities\Get-WindowsCommands.ps1 = Utilities\Get-WindowsCommands.ps1
		Utilities\Publish.ps1 = Utilities\Publish.ps1
		Utilities\signtool.exe = Utilities\signtool.exe
	EndProjectSection
EndProject
Project("{2150E333-8FDC-42A3-9474-1A3956D46DE8}") = "Assets", "Assets", "{D96B47F6-EF3E-4AF6-A1BE-006D531DDBA4}"
	ProjectSection(SolutionItems) = preProject
		Assets\nexRemote_Icon.ico = Assets\nexRemote_Icon.ico
		Assets\nexRemote_Icon.pdn = Assets\nexRemote_Icon.pdn
		Assets\nexRemote_Icon.png = Assets\nexRemote_Icon.png
		Assets\nexRemote_Logo.png = Assets\nexRemote_Logo.png
	EndProjectSection
EndProject
Project("{9A19103F-16F7-4668-BE54-9A1E7A4F7556}") = "Desktop.Core", "Desktop.Core\Desktop.Core.csproj", "{B04A1728-2E87-491E-BC7F-F575A1754DEF}"
EndProject
Project("{9A19103F-16F7-4668-BE54-9A1E7A4F7556}") = "Shared", "Shared\Shared.csproj", "{3B1B36AE-7A60-4974-A868-1E24894D4149}"
EndProject
Project("{9A19103F-16F7-4668-BE54-9A1E7A4F7556}") = "Desktop.XPlat", "Desktop.XPlat\Desktop.XPlat.csproj", "{FF7FD66A-B3E2-4D39-A457-A00C94EDE9E6}"
EndProject
Project("{9A19103F-16F7-4668-BE54-9A1E7A4F7556}") = "Desktop.Win", "Desktop.Win\Desktop.Win.csproj", "{6B726FC4-A907-4813-BF38-3342E02AA8D2}"
EndProject
Project("{FAE04EC0-301F-11D3-BF4B-00C04F79EFBC}") = "Agent.Installer.Win", "Agent.Installer.Win\Agent.Installer.Win.csproj", "{A3D0368C-0850-4614-B5B5-41B9D5135AA9}"
EndProject
Project("{2150E333-8FDC-42A3-9474-1A3956D46DE8}") = "Solution Items", "Solution Items", "{2176596E-12DA-4766-96E1-4D23EA7DBEC8}"
	ProjectSection(SolutionItems) = preProject
		.editorconfig = .editorconfig
		LICENSE = LICENSE
		README.md = README.md
	EndProjectSection
EndProject
Project("{9A19103F-16F7-4668-BE54-9A1E7A4F7556}") = "Server", "Server\Server.csproj", "{75EC5DCD-DC76-4799-8623-206B1F73CA95}"
EndProject
Project("{9A19103F-16F7-4668-BE54-9A1E7A4F7556}") = "Server.Installer", "Server.Installer\Server.Installer.csproj", "{BE7799D6-204C-4D35-83E7-7FB24DEBAE94}"
EndProject
Project("{9A19103F-16F7-4668-BE54-9A1E7A4F7556}") = "Desktop.Win.Tests", "Tests\Desktop.Win.Tests\Desktop.Win.Tests.csproj", "{3EFFFC75-AA1A-40F1-B492-5DBD4FA804AB}"
EndProject
Project("{9A19103F-16F7-4668-BE54-9A1E7A4F7556}") = "LoadTester", "Tests\LoadTester\LoadTester.csproj", "{A0C9D1C6-39DE-4DE0-9E04-1C006BD3E4CE}"
EndProject
Project("{9A19103F-16F7-4668-BE54-9A1E7A4F7556}") = "Server.Tests", "Tests\Server.Tests\Server.Tests.csproj", "{15731F97-C565-4880-A9B8-351713A22CD0}"
EndProject
Project("{9A19103F-16F7-4668-BE54-9A1E7A4F7556}") = "Shared.Tests", "Tests\Shared.Tests\Shared.Tests.csproj", "{11BACF22-C782-4376-A793-9629404FB93D}"
EndProject
Project("{2150E333-8FDC-42A3-9474-1A3956D46DE8}") = "Tests", "Tests", "{89B6A149-59F8-4FBF-B83A-862269A696A3}"
EndProject
Global
	GlobalSection(SolutionConfigurationPlatforms) = preSolution
		Debug|Any CPU = Debug|Any CPU
		Debug|x64 = Debug|x64
		Debug|x86 = Debug|x86
		Release|Any CPU = Release|Any CPU
		Release|x64 = Release|x64
		Release|x86 = Release|x86
	EndGlobalSection
	GlobalSection(ProjectConfigurationPlatforms) = postSolution
		{98A8DF30-0993-4B49-822E-244A70AB8C4D}.Debug|Any CPU.ActiveCfg = Debug|Any CPU
		{98A8DF30-0993-4B49-822E-244A70AB8C4D}.Debug|Any CPU.Build.0 = Debug|Any CPU
		{98A8DF30-0993-4B49-822E-244A70AB8C4D}.Debug|x64.ActiveCfg = Debug|x64
		{98A8DF30-0993-4B49-822E-244A70AB8C4D}.Debug|x64.Build.0 = Debug|x64
		{98A8DF30-0993-4B49-822E-244A70AB8C4D}.Debug|x86.ActiveCfg = Debug|x86
		{98A8DF30-0993-4B49-822E-244A70AB8C4D}.Debug|x86.Build.0 = Debug|x86
		{98A8DF30-0993-4B49-822E-244A70AB8C4D}.Release|Any CPU.ActiveCfg = Release|Any CPU
		{98A8DF30-0993-4B49-822E-244A70AB8C4D}.Release|Any CPU.Build.0 = Release|Any CPU
		{98A8DF30-0993-4B49-822E-244A70AB8C4D}.Release|x64.ActiveCfg = Release|x64
		{98A8DF30-0993-4B49-822E-244A70AB8C4D}.Release|x64.Build.0 = Release|x64
		{98A8DF30-0993-4B49-822E-244A70AB8C4D}.Release|x86.ActiveCfg = Release|x86
		{98A8DF30-0993-4B49-822E-244A70AB8C4D}.Release|x86.Build.0 = Release|x86
		{B04A1728-2E87-491E-BC7F-F575A1754DEF}.Debug|Any CPU.ActiveCfg = Debug|Any CPU
		{B04A1728-2E87-491E-BC7F-F575A1754DEF}.Debug|Any CPU.Build.0 = Debug|Any CPU
		{B04A1728-2E87-491E-BC7F-F575A1754DEF}.Debug|x64.ActiveCfg = Debug|x64
		{B04A1728-2E87-491E-BC7F-F575A1754DEF}.Debug|x64.Build.0 = Debug|x64
		{B04A1728-2E87-491E-BC7F-F575A1754DEF}.Debug|x86.ActiveCfg = Debug|x86
		{B04A1728-2E87-491E-BC7F-F575A1754DEF}.Debug|x86.Build.0 = Debug|x86
		{B04A1728-2E87-491E-BC7F-F575A1754DEF}.Release|Any CPU.ActiveCfg = Release|Any CPU
		{B04A1728-2E87-491E-BC7F-F575A1754DEF}.Release|Any CPU.Build.0 = Release|Any CPU
		{B04A1728-2E87-491E-BC7F-F575A1754DEF}.Release|x64.ActiveCfg = Release|x64
		{B04A1728-2E87-491E-BC7F-F575A1754DEF}.Release|x64.Build.0 = Release|x64
		{B04A1728-2E87-491E-BC7F-F575A1754DEF}.Release|x86.ActiveCfg = Release|x86
		{B04A1728-2E87-491E-BC7F-F575A1754DEF}.Release|x86.Build.0 = Release|x86
		{3B1B36AE-7A60-4974-A868-1E24894D4149}.Debug|Any CPU.ActiveCfg = Debug|Any CPU
		{3B1B36AE-7A60-4974-A868-1E24894D4149}.Debug|Any CPU.Build.0 = Debug|Any CPU
		{3B1B36AE-7A60-4974-A868-1E24894D4149}.Debug|x64.ActiveCfg = Debug|x64
		{3B1B36AE-7A60-4974-A868-1E24894D4149}.Debug|x64.Build.0 = Debug|x64
		{3B1B36AE-7A60-4974-A868-1E24894D4149}.Debug|x86.ActiveCfg = Debug|x86
		{3B1B36AE-7A60-4974-A868-1E24894D4149}.Debug|x86.Build.0 = Debug|x86
		{3B1B36AE-7A60-4974-A868-1E24894D4149}.Release|Any CPU.ActiveCfg = Release|Any CPU
		{3B1B36AE-7A60-4974-A868-1E24894D4149}.Release|Any CPU.Build.0 = Release|Any CPU
		{3B1B36AE-7A60-4974-A868-1E24894D4149}.Release|x64.ActiveCfg = Release|x64
		{3B1B36AE-7A60-4974-A868-1E24894D4149}.Release|x64.Build.0 = Release|x64
		{3B1B36AE-7A60-4974-A868-1E24894D4149}.Release|x86.ActiveCfg = Release|x86
		{3B1B36AE-7A60-4974-A868-1E24894D4149}.Release|x86.Build.0 = Release|x86
		{FF7FD66A-B3E2-4D39-A457-A00C94EDE9E6}.Debug|Any CPU.ActiveCfg = Debug|Any CPU
		{FF7FD66A-B3E2-4D39-A457-A00C94EDE9E6}.Debug|Any CPU.Build.0 = Debug|Any CPU
		{FF7FD66A-B3E2-4D39-A457-A00C94EDE9E6}.Debug|x64.ActiveCfg = Debug|x64
		{FF7FD66A-B3E2-4D39-A457-A00C94EDE9E6}.Debug|x64.Build.0 = Debug|x64
		{FF7FD66A-B3E2-4D39-A457-A00C94EDE9E6}.Debug|x86.ActiveCfg = Debug|x86
		{FF7FD66A-B3E2-4D39-A457-A00C94EDE9E6}.Debug|x86.Build.0 = Debug|x86
		{FF7FD66A-B3E2-4D39-A457-A00C94EDE9E6}.Release|Any CPU.ActiveCfg = Release|Any CPU
		{FF7FD66A-B3E2-4D39-A457-A00C94EDE9E6}.Release|Any CPU.Build.0 = Release|Any CPU
		{FF7FD66A-B3E2-4D39-A457-A00C94EDE9E6}.Release|x64.ActiveCfg = Release|x64
		{FF7FD66A-B3E2-4D39-A457-A00C94EDE9E6}.Release|x64.Build.0 = Release|x64
		{FF7FD66A-B3E2-4D39-A457-A00C94EDE9E6}.Release|x86.ActiveCfg = Release|x86
		{FF7FD66A-B3E2-4D39-A457-A00C94EDE9E6}.Release|x86.Build.0 = Release|x86
		{6B726FC4-A907-4813-BF38-3342E02AA8D2}.Debug|Any CPU.ActiveCfg = Debug|Any CPU
		{6B726FC4-A907-4813-BF38-3342E02AA8D2}.Debug|Any CPU.Build.0 = Debug|Any CPU
		{6B726FC4-A907-4813-BF38-3342E02AA8D2}.Debug|x64.ActiveCfg = Debug|x64
		{6B726FC4-A907-4813-BF38-3342E02AA8D2}.Debug|x64.Build.0 = Debug|x64
		{6B726FC4-A907-4813-BF38-3342E02AA8D2}.Debug|x86.ActiveCfg = Debug|x86
		{6B726FC4-A907-4813-BF38-3342E02AA8D2}.Debug|x86.Build.0 = Debug|x86
		{6B726FC4-A907-4813-BF38-3342E02AA8D2}.Release|Any CPU.ActiveCfg = Release|Any CPU
		{6B726FC4-A907-4813-BF38-3342E02AA8D2}.Release|Any CPU.Build.0 = Release|Any CPU
		{6B726FC4-A907-4813-BF38-3342E02AA8D2}.Release|x64.ActiveCfg = Release|x64
		{6B726FC4-A907-4813-BF38-3342E02AA8D2}.Release|x64.Build.0 = Release|x64
		{6B726FC4-A907-4813-BF38-3342E02AA8D2}.Release|x86.ActiveCfg = Release|x86
		{6B726FC4-A907-4813-BF38-3342E02AA8D2}.Release|x86.Build.0 = Release|x86
		{A3D0368C-0850-4614-B5B5-41B9D5135AA9}.Debug|Any CPU.ActiveCfg = Debug|Any CPU
		{A3D0368C-0850-4614-B5B5-41B9D5135AA9}.Debug|Any CPU.Build.0 = Debug|Any CPU
		{A3D0368C-0850-4614-B5B5-41B9D5135AA9}.Debug|x64.ActiveCfg = Debug|Any CPU
		{A3D0368C-0850-4614-B5B5-41B9D5135AA9}.Debug|x64.Build.0 = Debug|Any CPU
		{A3D0368C-0850-4614-B5B5-41B9D5135AA9}.Debug|x86.ActiveCfg = Debug|Any CPU
		{A3D0368C-0850-4614-B5B5-41B9D5135AA9}.Debug|x86.Build.0 = Debug|Any CPU
		{A3D0368C-0850-4614-B5B5-41B9D5135AA9}.Release|Any CPU.ActiveCfg = Release|Any CPU
		{A3D0368C-0850-4614-B5B5-41B9D5135AA9}.Release|Any CPU.Build.0 = Release|Any CPU
		{A3D0368C-0850-4614-B5B5-41B9D5135AA9}.Release|x64.ActiveCfg = Release|Any CPU
		{A3D0368C-0850-4614-B5B5-41B9D5135AA9}.Release|x64.Build.0 = Release|Any CPU
		{A3D0368C-0850-4614-B5B5-41B9D5135AA9}.Release|x86.ActiveCfg = Release|Any CPU
		{A3D0368C-0850-4614-B5B5-41B9D5135AA9}.Release|x86.Build.0 = Release|Any CPU
		{75EC5DCD-DC76-4799-8623-206B1F73CA95}.Debug|Any CPU.ActiveCfg = Debug|Any CPU
		{75EC5DCD-DC76-4799-8623-206B1F73CA95}.Debug|Any CPU.Build.0 = Debug|Any CPU
		{75EC5DCD-DC76-4799-8623-206B1F73CA95}.Debug|x64.ActiveCfg = Debug|Any CPU
		{75EC5DCD-DC76-4799-8623-206B1F73CA95}.Debug|x64.Build.0 = Debug|Any CPU
		{75EC5DCD-DC76-4799-8623-206B1F73CA95}.Debug|x86.ActiveCfg = Debug|Any CPU
		{75EC5DCD-DC76-4799-8623-206B1F73CA95}.Debug|x86.Build.0 = Debug|Any CPU
		{75EC5DCD-DC76-4799-8623-206B1F73CA95}.Release|Any CPU.ActiveCfg = Release|Any CPU
		{75EC5DCD-DC76-4799-8623-206B1F73CA95}.Release|Any CPU.Build.0 = Release|Any CPU
		{75EC5DCD-DC76-4799-8623-206B1F73CA95}.Release|x64.ActiveCfg = Release|Any CPU
		{75EC5DCD-DC76-4799-8623-206B1F73CA95}.Release|x64.Build.0 = Release|Any CPU
		{75EC5DCD-DC76-4799-8623-206B1F73CA95}.Release|x86.ActiveCfg = Release|Any CPU
		{75EC5DCD-DC76-4799-8623-206B1F73CA95}.Release|x86.Build.0 = Release|Any CPU
		{BE7799D6-204C-4D35-83E7-7FB24DEBAE94}.Debug|Any CPU.ActiveCfg = Debug|Any CPU
		{BE7799D6-204C-4D35-83E7-7FB24DEBAE94}.Debug|Any CPU.Build.0 = Debug|Any CPU
		{BE7799D6-204C-4D35-83E7-7FB24DEBAE94}.Debug|x64.ActiveCfg = Debug|Any CPU
		{BE7799D6-204C-4D35-83E7-7FB24DEBAE94}.Debug|x64.Build.0 = Debug|Any CPU
		{BE7799D6-204C-4D35-83E7-7FB24DEBAE94}.Debug|x86.ActiveCfg = Debug|Any CPU
		{BE7799D6-204C-4D35-83E7-7FB24DEBAE94}.Debug|x86.Build.0 = Debug|Any CPU
		{BE7799D6-204C-4D35-83E7-7FB24DEBAE94}.Release|Any CPU.ActiveCfg = Release|Any CPU
		{BE7799D6-204C-4D35-83E7-7FB24DEBAE94}.Release|Any CPU.Build.0 = Release|Any CPU
		{BE7799D6-204C-4D35-83E7-7FB24DEBAE94}.Release|x64.ActiveCfg = Release|Any CPU
		{BE7799D6-204C-4D35-83E7-7FB24DEBAE94}.Release|x64.Build.0 = Release|Any CPU
		{BE7799D6-204C-4D35-83E7-7FB24DEBAE94}.Release|x86.ActiveCfg = Release|Any CPU
		{BE7799D6-204C-4D35-83E7-7FB24DEBAE94}.Release|x86.Build.0 = Release|Any CPU
		{3EFFFC75-AA1A-40F1-B492-5DBD4FA804AB}.Debug|Any CPU.ActiveCfg = Debug|Any CPU
		{3EFFFC75-AA1A-40F1-B492-5DBD4FA804AB}.Debug|Any CPU.Build.0 = Debug|Any CPU
		{3EFFFC75-AA1A-40F1-B492-5DBD4FA804AB}.Debug|x64.ActiveCfg = Debug|Any CPU
		{3EFFFC75-AA1A-40F1-B492-5DBD4FA804AB}.Debug|x64.Build.0 = Debug|Any CPU
		{3EFFFC75-AA1A-40F1-B492-5DBD4FA804AB}.Debug|x86.ActiveCfg = Debug|Any CPU
		{3EFFFC75-AA1A-40F1-B492-5DBD4FA804AB}.Debug|x86.Build.0 = Debug|Any CPU
		{3EFFFC75-AA1A-40F1-B492-5DBD4FA804AB}.Release|Any CPU.ActiveCfg = Release|Any CPU
		{3EFFFC75-AA1A-40F1-B492-5DBD4FA804AB}.Release|Any CPU.Build.0 = Release|Any CPU
		{3EFFFC75-AA1A-40F1-B492-5DBD4FA804AB}.Release|x64.ActiveCfg = Release|Any CPU
		{3EFFFC75-AA1A-40F1-B492-5DBD4FA804AB}.Release|x64.Build.0 = Release|Any CPU
		{3EFFFC75-AA1A-40F1-B492-5DBD4FA804AB}.Release|x86.ActiveCfg = Release|Any CPU
		{3EFFFC75-AA1A-40F1-B492-5DBD4FA804AB}.Release|x86.Build.0 = Release|Any CPU
		{A0C9D1C6-39DE-4DE0-9E04-1C006BD3E4CE}.Debug|Any CPU.ActiveCfg = Debug|Any CPU
		{A0C9D1C6-39DE-4DE0-9E04-1C006BD3E4CE}.Debug|Any CPU.Build.0 = Debug|Any CPU
		{A0C9D1C6-39DE-4DE0-9E04-1C006BD3E4CE}.Debug|x64.ActiveCfg = Debug|Any CPU
		{A0C9D1C6-39DE-4DE0-9E04-1C006BD3E4CE}.Debug|x64.Build.0 = Debug|Any CPU
		{A0C9D1C6-39DE-4DE0-9E04-1C006BD3E4CE}.Debug|x86.ActiveCfg = Debug|Any CPU
		{A0C9D1C6-39DE-4DE0-9E04-1C006BD3E4CE}.Debug|x86.Build.0 = Debug|Any CPU
		{A0C9D1C6-39DE-4DE0-9E04-1C006BD3E4CE}.Release|Any CPU.ActiveCfg = Release|Any CPU
		{A0C9D1C6-39DE-4DE0-9E04-1C006BD3E4CE}.Release|Any CPU.Build.0 = Release|Any CPU
		{A0C9D1C6-39DE-4DE0-9E04-1C006BD3E4CE}.Release|x64.ActiveCfg = Release|Any CPU
		{A0C9D1C6-39DE-4DE0-9E04-1C006BD3E4CE}.Release|x64.Build.0 = Release|Any CPU
		{A0C9D1C6-39DE-4DE0-9E04-1C006BD3E4CE}.Release|x86.ActiveCfg = Release|Any CPU
		{A0C9D1C6-39DE-4DE0-9E04-1C006BD3E4CE}.Release|x86.Build.0 = Release|Any CPU
		{15731F97-C565-4880-A9B8-351713A22CD0}.Debug|Any CPU.ActiveCfg = Debug|Any CPU
		{15731F97-C565-4880-A9B8-351713A22CD0}.Debug|Any CPU.Build.0 = Debug|Any CPU
		{15731F97-C565-4880-A9B8-351713A22CD0}.Debug|x64.ActiveCfg = Debug|x64
		{15731F97-C565-4880-A9B8-351713A22CD0}.Debug|x64.Build.0 = Debug|x64
		{15731F97-C565-4880-A9B8-351713A22CD0}.Debug|x86.ActiveCfg = Debug|x86
		{15731F97-C565-4880-A9B8-351713A22CD0}.Debug|x86.Build.0 = Debug|x86
		{15731F97-C565-4880-A9B8-351713A22CD0}.Release|Any CPU.ActiveCfg = Release|Any CPU
		{15731F97-C565-4880-A9B8-351713A22CD0}.Release|Any CPU.Build.0 = Release|Any CPU
		{15731F97-C565-4880-A9B8-351713A22CD0}.Release|x64.ActiveCfg = Release|x64
		{15731F97-C565-4880-A9B8-351713A22CD0}.Release|x64.Build.0 = Release|x64
		{15731F97-C565-4880-A9B8-351713A22CD0}.Release|x86.ActiveCfg = Release|x86
		{15731F97-C565-4880-A9B8-351713A22CD0}.Release|x86.Build.0 = Release|x86
		{11BACF22-C782-4376-A793-9629404FB93D}.Debug|Any CPU.ActiveCfg = Debug|Any CPU
		{11BACF22-C782-4376-A793-9629404FB93D}.Debug|Any CPU.Build.0 = Debug|Any CPU
		{11BACF22-C782-4376-A793-9629404FB93D}.Debug|x64.ActiveCfg = Debug|Any CPU
		{11BACF22-C782-4376-A793-9629404FB93D}.Debug|x64.Build.0 = Debug|Any CPU
		{11BACF22-C782-4376-A793-9629404FB93D}.Debug|x86.ActiveCfg = Debug|Any CPU
		{11BACF22-C782-4376-A793-9629404FB93D}.Debug|x86.Build.0 = Debug|Any CPU
		{11BACF22-C782-4376-A793-9629404FB93D}.Release|Any CPU.ActiveCfg = Release|Any CPU
		{11BACF22-C782-4376-A793-9629404FB93D}.Release|Any CPU.Build.0 = Release|Any CPU
		{11BACF22-C782-4376-A793-9629404FB93D}.Release|x64.ActiveCfg = Release|Any CPU
		{11BACF22-C782-4376-A793-9629404FB93D}.Release|x64.Build.0 = Release|Any CPU
		{11BACF22-C782-4376-A793-9629404FB93D}.Release|x86.ActiveCfg = Release|Any CPU
		{11BACF22-C782-4376-A793-9629404FB93D}.Release|x86.Build.0 = Release|Any CPU
	EndGlobalSection
	GlobalSection(SolutionProperties) = preSolution
		HideSolutionNode = FALSE
	EndGlobalSection
	GlobalSection(NestedProjects) = preSolution
		{3EFFFC75-AA1A-40F1-B492-5DBD4FA804AB} = {89B6A149-59F8-4FBF-B83A-862269A696A3}
		{A0C9D1C6-39DE-4DE0-9E04-1C006BD3E4CE} = {89B6A149-59F8-4FBF-B83A-862269A696A3}
		{15731F97-C565-4880-A9B8-351713A22CD0} = {89B6A149-59F8-4FBF-B83A-862269A696A3}
		{11BACF22-C782-4376-A793-9629404FB93D} = {89B6A149-59F8-4FBF-B83A-862269A696A3}
	EndGlobalSection
	GlobalSection(ExtensibilityGlobals) = postSolution
		SolutionGuid = {EAE10B28-119B-437C-9E68-06F0EE3F968A}
	EndGlobalSection
EndGlobal
